// !$*UTF8*$!
{
	archiveVersion = 1;
	classes = {
	};
	objectVersion = 55;
	objects = {

/* Begin PBXBuildFile section */
		0B5473BB270B953F00D97FEB /* AppDelegate.swift in Sources */ = {isa = PBXBuildFile; fileRef = 0B5473BA270B953F00D97FEB /* AppDelegate.swift */; };
		0B5473BD270B953F00D97FEB /* SceneDelegate.swift in Sources */ = {isa = PBXBuildFile; fileRef = 0B5473BC270B953F00D97FEB /* SceneDelegate.swift */; };
		0B5473BF270B953F00D97FEB /* ViewController.swift in Sources */ = {isa = PBXBuildFile; fileRef = 0B5473BE270B953F00D97FEB /* ViewController.swift */; };
		0B5473C2270B953F00D97FEB /* Main.storyboard in Resources */ = {isa = PBXBuildFile; fileRef = 0B5473C0270B953F00D97FEB /* Main.storyboard */; };
		0B5473C4270B954100D97FEB /* Assets.xcassets in Resources */ = {isa = PBXBuildFile; fileRef = 0B5473C3270B954100D97FEB /* Assets.xcassets */; };
		0B5473C7270B954100D97FEB /* LaunchScreen.storyboard in Resources */ = {isa = PBXBuildFile; fileRef = 0B5473C5270B954100D97FEB /* LaunchScreen.storyboard */; };
		0B5473D2270B965800D97FEB /* Localizable.strings in Resources */ = {isa = PBXBuildFile; fileRef = 0B5473D1270B965800D97FEB /* Localizable.strings */; };
		0B5473D4270B968A00D97FEB /* LocalizableBundle.swift in Sources */ = {isa = PBXBuildFile; fileRef = 0B5473D3270B968A00D97FEB /* LocalizableBundle.swift */; };
		0B5473D7270B98A600D97FEB /* String.swift in Sources */ = {isa = PBXBuildFile; fileRef = 0B5473D6270B98A600D97FEB /* String.swift */; };
/* End PBXBuildFile section */

/* Begin PBXFileReference section */
		0B5473B7270B953F00D97FEB /* Script-localazible.app */ = {isa = PBXFileReference; explicitFileType = wrapper.application; includeInIndex = 0; path = "Script-localazible.app"; sourceTree = BUILT_PRODUCTS_DIR; };
		0B5473BA270B953F00D97FEB /* AppDelegate.swift */ = {isa = PBXFileReference; lastKnownFileType = sourcecode.swift; path = AppDelegate.swift; sourceTree = "<group>"; };
		0B5473BC270B953F00D97FEB /* SceneDelegate.swift */ = {isa = PBXFileReference; lastKnownFileType = sourcecode.swift; path = SceneDelegate.swift; sourceTree = "<group>"; };
		0B5473BE270B953F00D97FEB /* ViewController.swift */ = {isa = PBXFileReference; lastKnownFileType = sourcecode.swift; path = ViewController.swift; sourceTree = "<group>"; };
		0B5473C1270B953F00D97FEB /* Base */ = {isa = PBXFileReference; lastKnownFileType = file.storyboard; name = Base; path = Base.lproj/Main.storyboard; sourceTree = "<group>"; };
		0B5473C3270B954100D97FEB /* Assets.xcassets */ = {isa = PBXFileReference; lastKnownFileType = folder.assetcatalog; path = Assets.xcassets; sourceTree = "<group>"; };
		0B5473C6270B954100D97FEB /* Base */ = {isa = PBXFileReference; lastKnownFileType = file.storyboard; name = Base; path = Base.lproj/LaunchScreen.storyboard; sourceTree = "<group>"; };
		0B5473C8270B954100D97FEB /* Info.plist */ = {isa = PBXFileReference; lastKnownFileType = text.plist.xml; path = Info.plist; sourceTree = "<group>"; };
		0B5473D1270B965800D97FEB /* Localizable.strings */ = {isa = PBXFileReference; lastKnownFileType = text.plist.strings; path = Localizable.strings; sourceTree = "<group>"; };
		0B5473D3270B968A00D97FEB /* LocalizableBundle.swift */ = {isa = PBXFileReference; lastKnownFileType = sourcecode.swift; path = LocalizableBundle.swift; sourceTree = "<group>"; };
		0B5473D6270B98A600D97FEB /* String.swift */ = {isa = PBXFileReference; lastKnownFileType = sourcecode.swift; path = String.swift; sourceTree = "<group>"; };
/* End PBXFileReference section */

/* Begin PBXFrameworksBuildPhase section */
		0B5473B4270B953F00D97FEB /* Frameworks */ = {
			isa = PBXFrameworksBuildPhase;
			buildActionMask = 2147483647;
			files = (
			);
			runOnlyForDeploymentPostprocessing = 0;
		};
/* End PBXFrameworksBuildPhase section */

/* Begin PBXGroup section */
		0B5473AE270B953F00D97FEB = {
			isa = PBXGroup;
			children = (
				0B5473B9270B953F00D97FEB /* Script-localazible */,
				0B5473B8270B953F00D97FEB /* Products */,
			);
			sourceTree = "<group>";
		};
		0B5473B8270B953F00D97FEB /* Products */ = {
			isa = PBXGroup;
			children = (
				0B5473B7270B953F00D97FEB /* Script-localazible.app */,
			);
			name = Products;
			sourceTree = "<group>";
		};
		0B5473B9270B953F00D97FEB /* Script-localazible */ = {
			isa = PBXGroup;
			children = (
				0B5473D5270B988A00D97FEB /* Extensions */,
				0B5473CE270B956000D97FEB /* Localizable */,
				0B5473BA270B953F00D97FEB /* AppDelegate.swift */,
				0B5473BC270B953F00D97FEB /* SceneDelegate.swift */,
				0B5473BE270B953F00D97FEB /* ViewController.swift */,
				0B5473C0270B953F00D97FEB /* Main.storyboard */,
				0B5473C3270B954100D97FEB /* Assets.xcassets */,
				0B5473C5270B954100D97FEB /* LaunchScreen.storyboard */,
				0B5473C8270B954100D97FEB /* Info.plist */,
			);
			path = "Script-localazible";
			sourceTree = "<group>";
		};
		0B5473CE270B956000D97FEB /* Localizable */ = {
			isa = PBXGroup;
			children = (
				0B5473D1270B965800D97FEB /* Localizable.strings */,
				0B5473D3270B968A00D97FEB /* LocalizableBundle.swift */,
			);
			path = Localizable;
			sourceTree = "<group>";
		};
		0B5473D5270B988A00D97FEB /* Extensions */ = {
			isa = PBXGroup;
			children = (
				0B5473D6270B98A600D97FEB /* String.swift */,
			);
			path = Extensions;
			sourceTree = "<group>";
		};
/* End PBXGroup section */

/* Begin PBXNativeTarget section */
		0B5473B6270B953F00D97FEB /* Script-localazible */ = {
			isa = PBXNativeTarget;
			buildConfigurationList = 0B5473CB270B954100D97FEB /* Build configuration list for PBXNativeTarget "Script-localazible" */;
			buildPhases = (
				0B5473B3270B953F00D97FEB /* Sources */,
				0B5473B4270B953F00D97FEB /* Frameworks */,
				0B5473B5270B953F00D97FEB /* Resources */,
			);
			buildRules = (
			);
			dependencies = (
			);
			name = "Script-localazible";
			productName = "Script-localazible";
			productReference = 0B5473B7270B953F00D97FEB /* Script-localazible.app */;
			productType = "com.apple.product-type.application";
		};
/* End PBXNativeTarget section */

/* Begin PBXProject section */
		0B5473AF270B953F00D97FEB /* Project object */ = {
			isa = PBXProject;
			attributes = {
				BuildIndependentTargetsInParallel = 1;
				LastSwiftUpdateCheck = 1300;
				LastUpgradeCheck = 1300;
				TargetAttributes = {
					0B5473B6270B953F00D97FEB = {
						CreatedOnToolsVersion = 13.0;
					};
				};
			};
			buildConfigurationList = 0B5473B2270B953F00D97FEB /* Build configuration list for PBXProject "Script-localazible" */;
			compatibilityVersion = "Xcode 13.0";
			developmentRegion = en;
			hasScannedForEncodings = 0;
			knownRegions = (
				en,
				Base,
			);
			mainGroup = 0B5473AE270B953F00D97FEB;
			productRefGroup = 0B5473B8270B953F00D97FEB /* Products */;
			projectDirPath = "";
			projectRoot = "";
			targets = (
				0B5473B6270B953F00D97FEB /* Script-localazible */,
			);
		};
/* End PBXProject section */

/* Begin PBXResourcesBuildPhase section */
		0B5473B5270B953F00D97FEB /* Resources */ = {
			isa = PBXResourcesBuildPhase;
			buildActionMask = 2147483647;
			files = (
				0B5473C7270B954100D97FEB /* LaunchScreen.storyboard in Resources */,
				0B5473D2270B965800D97FEB /* Localizable.strings in Resources */,
				0B5473C4270B954100D97FEB /* Assets.xcassets in Resources */,
				0B5473C2270B953F00D97FEB /* Main.storyboard in Resources */,
			);
			runOnlyForDeploymentPostprocessing = 0;
		};
/* End PBXResourcesBuildPhase section */

/* Begin PBXSourcesBuildPhase section */
		0B5473B3270B953F00D97FEB /* Sources */ = {
			isa = PBXSourcesBuildPhase;
			buildActionMask = 2147483647;
			files = (
				0B5473BF270B953F00D97FEB /* ViewController.swift in Sources */,
				0B5473BB270B953F00D97FEB /* AppDelegate.swift in Sources */,
				0B5473D7270B98A600D97FEB /* String.swift in Sources */,
				0B5473D4270B968A00D97FEB /* LocalizableBundle.swift in Sources */,
				0B5473BD270B953F00D97FEB /* SceneDelegate.swift in Sources */,
			);
			runOnlyForDeploymentPostprocessing = 0;
		};
/* End PBXSourcesBuildPhase section */

/* Begin PBXVariantGroup section */
		0B5473C0270B953F00D97FEB /* Main.storyboard */ = {
			isa = PBXVariantGroup;
			children = (
				0B5473C1270B953F00D97FEB /* Base */,
			);
			name = Main.storyboard;
			sourceTree = "<group>";
		};
		0B5473C5270B954100D97FEB /* LaunchScreen.storyboard */ = {
			isa = PBXVariantGroup;
			children = (
				0B5473C6270B954100D97FEB /* Base */,
			);
			name = LaunchScreen.storyboard;
			sourceTree = "<group>";
		};
/* End PBXVariantGroup section */

/* Begin XCBuildConfiguration section */
		0B5473C9270B954100D97FEB /* Debug */ = {
			isa = XCBuildConfiguration;
			buildSettings = {
				ALWAYS_SEARCH_USER_PATHS = NO;
				CLANG_ANALYZER_NONNULL = YES;
				CLANG_ANALYZER_NUMBER_OBJECT_CONVERSION = YES_AGGRESSIVE;
				CLANG_CXX_LANGUAGE_STANDARD = "gnu++17";
				CLANG_CXX_LIBRARY = "libc++";
				CLANG_ENABLE_MODULES = YES;
				CLANG_ENABLE_OBJC_ARC = YES;
				CLANG_ENABLE_OBJC_WEAK = YES;
				CLANG_WARN_BLOCK_CAPTURE_AUTORELEASING = YES;
				CLANG_WARN_BOOL_CONVERSION = YES;
				CLANG_WARN_COMMA = YES;
				CLANG_WARN_CONSTANT_CONVERSION = YES;
				CLANG_WARN_DEPRECATED_OBJC_IMPLEMENTATIONS = YES;
				CLANG_WARN_DIRECT_OBJC_ISA_USAGE = YES_ERROR;
				CLANG_WARN_DOCUMENTATION_COMMENTS = YES;
				CLANG_WARN_EMPTY_BODY = YES;
				CLANG_WARN_ENUM_CONVERSION = YES;
				CLANG_WARN_INFINITE_RECURSION = YES;
				CLANG_WARN_INT_CONVERSION = YES;
				CLANG_WARN_NON_LITERAL_NULL_CONVERSION = YES;
				CLANG_WARN_OBJC_IMPLICIT_RETAIN_SELF = YES;
				CLANG_WARN_OBJC_LITERAL_CONVERSION = YES;
				CLANG_WARN_OBJC_ROOT_CLASS = YES_ERROR;
				CLANG_WARN_QUOTED_INCLUDE_IN_FRAMEWORK_HEADER = YES;
				CLANG_WARN_RANGE_LOOP_ANALYSIS = YES;
				CLANG_WARN_STRICT_PROTOTYPES = YES;
				CLANG_WARN_SUSPICIOUS_MOVE = YES;
				CLANG_WARN_UNGUARDED_AVAILABILITY = YES_AGGRESSIVE;
				CLANG_WARN_UNREACHABLE_CODE = YES;
				CLANG_WARN__DUPLICATE_METHOD_MATCH = YES;
				COPY_PHASE_STRIP = NO;
				DEBUG_INFORMATION_FORMAT = dwarf;
				ENABLE_STRICT_OBJC_MSGSEND = YES;
				ENABLE_TESTABILITY = YES;
				GCC_C_LANGUAGE_STANDARD = gnu11;
				GCC_DYNAMIC_NO_PIC = NO;
				GCC_NO_COMMON_BLOCKS = YES;
				GCC_OPTIMIZATION_LEVEL = 0;
				GCC_PREPROCESSOR_DEFINITIONS = (
					"DEBUG=1",
					"$(inherited)",
				);
				GCC_WARN_64_TO_32_BIT_CONVERSION = YES;
				GCC_WARN_ABOUT_RETURN_TYPE = YES_ERROR;
				GCC_WARN_UNDECLARED_SELECTOR = YES;
				GCC_WARN_UNINITIALIZED_AUTOS = YES_AGGRESSIVE;
				GCC_WARN_UNUSED_FUNCTION = YES;
				GCC_WARN_UNUSED_VARIABLE = YES;
				IPHONEOS_DEPLOYMENT_TARGET = 15.0;
				MTL_ENABLE_DEBUG_INFO = INCLUDE_SOURCE;
				MTL_FAST_MATH = YES;
				ONLY_ACTIVE_ARCH = YES;
				SDKROOT = iphoneos;
				SWIFT_ACTIVE_COMPILATION_CONDITIONS = DEBUG;
				SWIFT_OPTIMIZATION_LEVEL = "-Onone";
			};
			name = Debug;
		};
		0B5473CA270B954100D97FEB /* Release */ = {
			isa = XCBuildConfiguration;
			buildSettings = {
				ALWAYS_SEARCH_USER_PATHS = NO;
				CLANG_ANALYZER_NONNULL = YES;
				CLANG_ANALYZER_NUMBER_OBJECT_CONVERSION = YES_AGGRESSIVE;
				CLANG_CXX_LANGUAGE_STANDARD = "gnu++17";
				CLANG_CXX_LIBRARY = "libc++";
				CLANG_ENABLE_MODULES = YES;
				CLANG_ENABLE_OBJC_ARC = YES;
				CLANG_ENABLE_OBJC_WEAK = YES;
				CLANG_WARN_BLOCK_CAPTURE_AUTORELEASING = YES;
				CLANG_WARN_BOOL_CONVERSION = YES;
				CLANG_WARN_COMMA = YES;
				CLANG_WARN_CONSTANT_CONVERSION = YES;
				CLANG_WARN_DEPRECATED_OBJC_IMPLEMENTATIONS = YES;
				CLANG_WARN_DIRECT_OBJC_ISA_USAGE = YES_ERROR;
				CLANG_WARN_DOCUMENTATION_COMMENTS = YES;
				CLANG_WARN_EMPTY_BODY = YES;
				CLANG_WARN_ENUM_CONVERSION = YES;
				CLANG_WARN_INFINITE_RECURSION = YES;
				CLANG_WARN_INT_CONVERSION = YES;
				CLANG_WARN_NON_LITERAL_NULL_CONVERSION = YES;
				CLANG_WARN_OBJC_IMPLICIT_RETAIN_SELF = YES;
				CLANG_WARN_OBJC_LITERAL_CONVERSION = YES;
				CLANG_WARN_OBJC_ROOT_CLASS = YES_ERROR;
				CLANG_WARN_QUOTED_INCLUDE_IN_FRAMEWORK_HEADER = YES;
				CLANG_WARN_RANGE_LOOP_ANALYSIS = YES;
				CLANG_WARN_STRICT_PROTOTYPES = YES;
				CLANG_WARN_SUSPICIOUS_MOVE = YES;
				CLANG_WARN_UNGUARDED_AVAILABILITY = YES_AGGRESSIVE;
				CLANG_WARN_UNREACHABLE_CODE = YES;
				CLANG_WARN__DUPLICATE_METHOD_MATCH = YES;
				COPY_PHASE_STRIP = NO;
				DEBUG_INFORMATION_FORMAT = "dwarf-with-dsym";
				ENABLE_NS_ASSERTIONS = NO;
				ENABLE_STRICT_OBJC_MSGSEND = YES;
				GCC_C_LANGUAGE_STANDARD = gnu11;
				GCC_NO_COMMON_BLOCKS = YES;
				GCC_WARN_64_TO_32_BIT_CONVERSION = YES;
				GCC_WARN_ABOUT_RETURN_TYPE = YES_ERROR;
				GCC_WARN_UNDECLARED_SELECTOR = YES;
				GCC_WARN_UNINITIALIZED_AUTOS = YES_AGGRESSIVE;
				GCC_WARN_UNUSED_FUNCTION = YES;
				GCC_WARN_UNUSED_VARIABLE = YES;
				IPHONEOS_DEPLOYMENT_TARGET = 15.0;
				MTL_ENABLE_DEBUG_INFO = NO;
				MTL_FAST_MATH = YES;
				SDKROOT = iphoneos;
				SWIFT_COMPILATION_MODE = wholemodule;
				SWIFT_OPTIMIZATION_LEVEL = "-O";
				VALIDATE_PRODUCT = YES;
			};
			name = Release;
		};
		0B5473CC270B954100D97FEB /* Debug */ = {
			isa = XCBuildConfiguration;
			buildSettings = {
				ASSETCATALOG_COMPILER_APPICON_NAME = AppIcon;
				ASSETCATALOG_COMPILER_GLOBAL_ACCENT_COLOR_NAME = AccentColor;
				CODE_SIGN_STYLE = Automatic;
				CURRENT_PROJECT_VERSION = 1;
				DEVELOPMENT_TEAM = JCC32S9S9V;
				GENERATE_INFOPLIST_FILE = YES;
				INFOPLIST_FILE = "Script-localazible/Info.plist";
				INFOPLIST_KEY_UIApplicationSupportsIndirectInputEvents = YES;
				INFOPLIST_KEY_UILaunchStoryboardName = LaunchScreen;
				INFOPLIST_KEY_UIMainStoryboardFile = Main;
				INFOPLIST_KEY_UISupportedInterfaceOrientations_iPad = "UIInterfaceOrientationPortrait UIInterfaceOrientationPortraitUpsideDown UIInterfaceOrientationLandscapeLeft UIInterfaceOrientationLandscapeRight";
				INFOPLIST_KEY_UISupportedInterfaceOrientations_iPhone = "UIInterfaceOrientationPortrait UIInterfaceOrientationLandscapeLeft UIInterfaceOrientationLandscapeRight";
				LD_RUNPATH_SEARCH_PATHS = (
					"$(inherited)",
					"@executable_path/Frameworks",
				);
				MARKETING_VERSION = 1.0;
				PRODUCT_BUNDLE_IDENTIFIER = "developeracademy.Script-localazible";
				PRODUCT_NAME = "$(TARGET_NAME)";
				SWIFT_EMIT_LOC_STRINGS = YES;
				SWIFT_VERSION = 5.0;
				TARGETED_DEVICE_FAMILY = "1,2";
			};
			name = Debug;
		};
		0B5473CD270B954100D97FEB /* Release */ = {
			isa = XCBuildConfiguration;
			buildSettings = {
				ASSETCATALOG_COMPILER_APPICON_NAME = AppIcon;
				ASSETCATALOG_COMPILER_GLOBAL_ACCENT_COLOR_NAME = AccentColor;
				CODE_SIGN_STYLE = Automatic;
				CURRENT_PROJECT_VERSION = 1;
				DEVELOPMENT_TEAM = JCC32S9S9V;
				GENERATE_INFOPLIST_FILE = YES;
				INFOPLIST_FILE = "Script-localazible/Info.plist";
				INFOPLIST_KEY_UIApplicationSupportsIndirectInputEvents = YES;
				INFOPLIST_KEY_UILaunchStoryboardName = LaunchScreen;
				INFOPLIST_KEY_UIMainStoryboardFile = Main;
				INFOPLIST_KEY_UISupportedInterfaceOrientations_iPad = "UIInterfaceOrientationPortrait UIInterfaceOrientationPortraitUpsideDown UIInterfaceOrientationLandscapeLeft UIInterfaceOrientationLandscapeRight";
				INFOPLIST_KEY_UISupportedInterfaceOrientations_iPhone = "UIInterfaceOrientationPortrait UIInterfaceOrientationLandscapeLeft UIInterfaceOrientationLandscapeRight";
				LD_RUNPATH_SEARCH_PATHS = (
					"$(inherited)",
					"@executable_path/Frameworks",
				);
				MARKETING_VERSION = 1.0;
				PRODUCT_BUNDLE_IDENTIFIER = "developeracademy.Script-localazible";
				PRODUCT_NAME = "$(TARGET_NAME)";
				SWIFT_EMIT_LOC_STRINGS = YES;
				SWIFT_VERSION = 5.0;
				TARGETED_DEVICE_FAMILY = "1,2";
			};
			name = Release;
		};
/* End XCBuildConfiguration section */

/* Begin XCConfigurationList section */
		0B5473B2270B953F00D97FEB /* Build configuration list for PBXProject "Script-localazible" */ = {
			isa = XCConfigurationList;
			buildConfigurations = (
				0B5473C9270B954100D97FEB /* Debug */,
				0B5473CA270B954100D97FEB /* Release */,
			);
			defaultConfigurationIsVisible = 0;
			defaultConfigurationName = Release;
		};
		0B5473CB270B954100D97FEB /* Build configuration list for PBXNativeTarget "Script-localazible" */ = {
			isa = XCConfigurationList;
			buildConfigurations = (
				0B5473CC270B954100D97FEB /* Debug */,
				0B5473CD270B954100D97FEB /* Release */,
			);
			defaultConfigurationIsVisible = 0;
			defaultConfigurationName = Release;
		};
/* End XCConfigurationList section */
	};
	rootObject = 0B5473AF270B953F00D97FEB /* Project object */;
}
